PODS:
  - Alamofire (5.2.2)
  - Appirater (2.3.1)
  - Cosmos (21.0.0)
  - Firebase/AdMob (6.32.0):
    - Firebase/CoreOnly
    - Google-Mobile-Ads-SDK (~> 7.63)
  - Firebase/Analytics (6.32.0):
    - Firebase/Core
  - Firebase/Auth (6.32.0):
    - Firebase/CoreOnly
    - FirebaseAuth (~> 6.9.1)
  - Firebase/Core (6.32.0):
    - Firebase/CoreOnly
    - FirebaseAnalytics (= 6.8.1)
  - Firebase/CoreOnly (6.32.0):
    - FirebaseCore (= 6.10.2)
  - Firebase/Crashlytics (6.32.0):
    - Firebase/CoreOnly
    - FirebaseCrashlytics (~> 4.6.0)
  - Firebase/Database (6.32.0):
    - Firebase/CoreOnly
    - FirebaseDatabase (~> 6.6.0)
  - Firebase/Storage (6.32.0):
    - Firebase/CoreOnly
    - FirebaseStorage (~> 3.9.0)
  - FirebaseAnalytics (6.8.1):
    - FirebaseCore (~> 6.10)
    - FirebaseInstallations (~> 1.6)
    - GoogleAppMeasurement (= 6.8.1)
    - GoogleUtilities/AppDelegateSwizzler (~> 6.7)
    - GoogleUtilities/MethodSwizzler (~> 6.7)
    - GoogleUtilities/Network (~> 6.7)
    - "GoogleUtilities/NSData+zlib (~> 6.7)"
    - nanopb (~> 1.30906.0)
  - FirebaseAuth (6.9.1):
    - FirebaseCore (~> 6.10)
    - GoogleUtilities/AppDelegateSwizzler (~> 6.7)
    - GoogleUtilities/Environment (~> 6.7)
    - GTMSessionFetcher/Core (~> 1.1)
  - FirebaseCore (6.10.2):
    - FirebaseCoreDiagnostics (~> 1.6)
    - GoogleUtilities/Environment (~> 6.7)
    - GoogleUtilities/Logger (~> 6.7)
  - FirebaseCoreDiagnostics (1.6.0):
    - GoogleDataTransport (~> 7.2)
    - GoogleUtilities/Environment (~> 6.7)
    - GoogleUtilities/Logger (~> 6.7)
    - nanopb (~> 1.30906.0)
  - FirebaseCrashlytics (4.6.0):
    - FirebaseCore (~> 6.10)
    - FirebaseInstallations (~> 1.6)
    - GoogleDataTransport (~> 7.2)
    - nanopb (~> 1.30906.0)
    - PromisesObjC (~> 1.2)
  - FirebaseDatabase (6.6.0):
    - FirebaseCore (~> 6.10)
    - leveldb-library (~> 1.22)
  - FirebaseInstallations (1.7.0):
    - FirebaseCore (~> 6.10)
    - GoogleUtilities/Environment (~> 6.7)
    - GoogleUtilities/UserDefaults (~> 6.7)
    - PromisesObjC (~> 1.2)
  - FirebaseStorage (3.9.0):
    - FirebaseCore (~> 6.10)
    - GTMSessionFetcher/Core (~> 1.1)
  - Google-Mobile-Ads-SDK (7.67.0):
    - GoogleAppMeasurement (~> 6.0)
    - GoogleUserMessagingPlatform (~> 1.1)
  - GoogleAppMeasurement (6.8.1):
    - GoogleUtilities/AppDelegateSwizzler (~> 6.7)
    - GoogleUtilities/MethodSwizzler (~> 6.7)
    - GoogleUtilities/Network (~> 6.7)
    - "GoogleUtilities/NSData+zlib (~> 6.7)"
    - nanopb (~> 1.30906.0)
  - GoogleDataTransport (7.3.0):
    - nanopb (~> 1.30906.0)
  - GoogleMaps (4.0.0):
    - GoogleMaps/Maps (= 4.0.0)
  - GoogleMaps/Base (4.0.0)
  - GoogleMaps/Maps (4.0.0):
    - GoogleMaps/Base
  - GooglePlaces (4.0.0):
    - GoogleMaps/Base (= 4.0.0)
  - GoogleUserMessagingPlatform (1.4.0)
  - GoogleUtilities/AppDelegateSwizzler (6.7.2):
    - GoogleUtilities/Environment
    - GoogleUtilities/Logger
    - GoogleUtilities/Network
  - GoogleUtilities/Environment (6.7.2):
    - PromisesObjC (~> 1.2)
  - GoogleUtilities/Logger (6.7.2):
    - GoogleUtilities/Environment
  - GoogleUtilities/MethodSwizzler (6.7.2):
    - GoogleUtilities/Logger
  - GoogleUtilities/Network (6.7.2):
    - GoogleUtilities/Logger
    - "GoogleUtilities/NSData+zlib"
    - GoogleUtilities/Reachability
  - "GoogleUtilities/NSData+zlib (6.7.2)"
  - GoogleUtilities/Reachability (6.7.2):
    - GoogleUtilities/Logger
  - GoogleUtilities/UserDefaults (6.7.2):
    - GoogleUtilities/Logger
  - GTMSessionFetcher/Core (1.4.0)
  - IHKeyboardAvoiding (4.7)
  - KeyboardAvoidingView (5.0.1):
    - ViewState (>= 1.0.0)
  - Kingfisher (5.15.0):
    - Kingfisher/Core (= 5.15.0)
  - Kingfisher/Core (5.15.0)
  - leveldb-library (1.22)
  - nanopb (1.30906.0):
    - nanopb/decode (= 1.30906.0)
    - nanopb/encode (= 1.30906.0)
  - nanopb/decode (1.30906.0)
  - nanopb/encode (1.30906.0)
  - NVActivityIndicatorView (5.1.1):
    - NVActivityIndicatorView/Base (= 5.1.1)
  - NVActivityIndicatorView/Base (5.1.1)
  - PromisesObjC (1.2.10)
  - PryntTrimmerView (4.0.0)
  - SteviaLayout (4.7.3)
  - SwiftyGif (5.3.0)
  - SwiftyJSON (4.3.0)
  - TextFieldEffects (1.6.0)
  - Toast-Swift (5.0.1)
  - ViewState (1.0.0)
  - YPImagePicker (4.3.1):
    - PryntTrimmerView (~> 4.0.0)
    - SteviaLayout (~> 4.7.3)

DEPENDENCIES:
  - Alamofire (~> 5.1)
  - Appirater
  - Cosmos (~> 21.0)
  - Firebase/AdMob
  - Firebase/Analytics
  - Firebase/Auth
  - Firebase/Core
  - Firebase/Crashlytics
  - Firebase/Database
  - Firebase/Storage
  - GoogleMaps
  - GooglePlaces
  - IHKeyboardAvoiding
  - KeyboardAvoidingView (~> 5.0)
  - Kingfisher (~> 5.0)
  - NVActivityIndicatorView
  - SwiftyGif
  - SwiftyJSON (~> 4.0)
  - TextFieldEffects
  - Toast-Swift (~> 5.0.1)
  - YPImagePicker

SPEC REPOS:
  trunk:
    - Alamofire
    - Appirater
    - Cosmos
    - Firebase
    - FirebaseAnalytics
    - FirebaseAuth
    - FirebaseCore
    - FirebaseCoreDiagnostics
    - FirebaseCrashlytics
    - FirebaseDatabase
    - FirebaseInstallations
    - FirebaseStorage
    - Google-Mobile-Ads-SDK
    - GoogleAppMeasurement
    - GoogleDataTransport
    - GoogleMaps
    - GooglePlaces
    - GoogleUserMessagingPlatform
    - GoogleUtilities
    - GTMSessionFetcher
    - IHKeyboardAvoiding
    - KeyboardAvoidingView
    - Kingfisher
    - leveldb-library
    - nanopb
    - NVActivityIndicatorView
    - PromisesObjC
    - PryntTrimmerView
    - SteviaLayout
    - SwiftyGif
    - SwiftyJSON
    - TextFieldEffects
    - Toast-Swift
    - ViewState
    - YPImagePicker

SPEC CHECKSUMS:
  Alamofire: 814429acc853c6c54ff123fc3d2ef66803823ce0
  Appirater: 44a4651f7912a17dc906b655f0c215d5bb768b84
  Cosmos: 3dfb6e4ba48bd48b8c9aa2a77048ae11ed114f96
  Firebase: afa030f17f5421810f379a42b0e5d3302d27eb26
  FirebaseAnalytics: a4d98464f455f5056063932123fa441025322f30
  FirebaseAuth: f7b269b33c1e842a35400ddc9bbc8b03cdc47ba3
  FirebaseCore: 1d697bb944bf2af5fc248f1a66e165c9dd88bf97
  FirebaseCoreDiagnostics: 7415bfb3883b3500c5a95c42b6ba66baae78f600
  FirebaseCrashlytics: eea40d2a33f01b927b9f6f00ef305baa22a6a58e
  FirebaseDatabase: 13a865a4b85897462b930eb683bda8f52583713f
  FirebaseInstallations: 466c7b4d1f58fe16707693091da253726a731ed2
  FirebaseStorage: 33b92875a9b556824886cc7a65120c7d2cb3a8d8
  Google-Mobile-Ads-SDK: 8b58584890539de4527c47ef01e4da941a10bc8a
  GoogleAppMeasurement: e3618c6e9f5166a6b320b03b759da3b04ec2a101
  GoogleDataTransport: e85fb700c9b027079ce182c3d08e12e0f9618bb4
  GoogleMaps: b7f7fc569a9b354a3af0d9729dbec40957b7d41e
  GooglePlaces: ca8d4aba09ba79e0a829cf1dca03a41de6a09016
  GoogleUserMessagingPlatform: b168e8c46cd8f92aa3e34b584c4ca78a411ce367
  GoogleUtilities: 7f2f5a07f888cdb145101d6042bc4422f57e70b3
  GTMSessionFetcher: 6f5c8abbab8a9bce4bb3f057e317728ec6182b10
  IHKeyboardAvoiding: 4cae0880c3975feffa278495df894c5166e71ad0
  KeyboardAvoidingView: ef26d0d7e55ae412e9ef6e02ba84e7540af0ce4e
  Kingfisher: 1acb67597a520c2d0310677e66d6e0af455ef757
  leveldb-library: 55d93ee664b4007aac644a782d11da33fba316f7
  nanopb: 59317e09cf1f1a0af72f12af412d54edf52603fc
  NVActivityIndicatorView: 1f6c5687f1171810aa27a3296814dc2d7dec3667
  PromisesObjC: b14b1c6b68e306650688599de8a45e49fae81151
  PryntTrimmerView: 67e67573ffd4c073f1308effa66aefd0cfa667a0
  SteviaLayout: c2ecdcff57d44e38fd2f65e54ad52aeae28ca0c4
  SwiftyGif: e466e86c660d343357ab944a819a101c4127cb40
  SwiftyJSON: 6faa0040f8b59dead0ee07436cbf76b73c08fd08
  TextFieldEffects: 529b8aff706fb40f82c41c780c0777941a893796
  Toast-Swift: 9b6a70f28b3bf0b96c40d46c0c4b9d6639846711
  ViewState: 78aa77483e74e592c22e841619b853bc686843be
  YPImagePicker: 08bbb809ed62bf4149fc015c97249eb4b9463ff9

PODFILE CHECKSUM: d11c9949eb5343695858dcebe1816e66fd9a7b2d

COCOAPODS: 1.9.1
